// !$*UTF8*$!
{
	archiveVersion = 1;
	classes = {
	};
	objectVersion = 56;
	objects = {

/* Begin PBXBuildFile section */
		FA5134172BBB424E00254A7D /* ML_ChallengeApp.swift in Sources */ = {isa = PBXBuildFile; fileRef = FA5134162BBB424E00254A7D /* ML_ChallengeApp.swift */; };
		FA5134192BBB424E00254A7D /* ContentView.swift in Sources */ = {isa = PBXBuildFile; fileRef = FA5134182BBB424E00254A7D /* ContentView.swift */; };
		FA51341B2BBB425000254A7D /* Assets.xcassets in Resources */ = {isa = PBXBuildFile; fileRef = FA51341A2BBB425000254A7D /* Assets.xcassets */; };
		FA51341F2BBB425000254A7D /* Preview Assets.xcassets in Resources */ = {isa = PBXBuildFile; fileRef = FA51341E2BBB425000254A7D /* Preview Assets.xcassets */; };
		FA5134292BBB425000254A7D /* ML_ChallengeTests.swift in Sources */ = {isa = PBXBuildFile; fileRef = FA5134282BBB425000254A7D /* ML_ChallengeTests.swift */; };
		FA5134332BBB425000254A7D /* ML_ChallengeUITests.swift in Sources */ = {isa = PBXBuildFile; fileRef = FA5134322BBB425000254A7D /* ML_ChallengeUITests.swift */; };
		FA5134352BBB425000254A7D /* ML_ChallengeUITestsLaunchTests.swift in Sources */ = {isa = PBXBuildFile; fileRef = FA5134342BBB425000254A7D /* ML_ChallengeUITestsLaunchTests.swift */; };
		FA5134422BBB430B00254A7D /* NetworkManager.swift in Sources */ = {isa = PBXBuildFile; fileRef = FA5134412BBB430B00254A7D /* NetworkManager.swift */; };
		FA5134442BBB44A700254A7D /* ProductMLModel.swift in Sources */ = {isa = PBXBuildFile; fileRef = FA5134432BBB44A700254A7D /* ProductMLModel.swift */; };
		FA5134462BBB4A3500254A7D /* ProductMLViewModel.swift in Sources */ = {isa = PBXBuildFile; fileRef = FA5134452BBB4A3500254A7D /* ProductMLViewModel.swift */; };
		FA5134492BBC7BDA00254A7D /* ProductCellView.swift in Sources */ = {isa = PBXBuildFile; fileRef = FA5134482BBC7BDA00254A7D /* ProductCellView.swift */; };
		FA51344D2BBC8F4C00254A7D /* ProductDetailView.swift in Sources */ = {isa = PBXBuildFile; fileRef = FA51344C2BBC8F4C00254A7D /* ProductDetailView.swift */; };
		FA5134502BBCB0B500254A7D /* MockData.swift in Sources */ = {isa = PBXBuildFile; fileRef = FA51344F2BBCB0B500254A7D /* MockData.swift */; };
/* End PBXBuildFile section */

/* Begin PBXContainerItemProxy section */
		FA5134252BBB425000254A7D /* PBXContainerItemProxy */ = {
			isa = PBXContainerItemProxy;
			containerPortal = FA51340B2BBB424E00254A7D /* Project object */;
			proxyType = 1;
			remoteGlobalIDString = FA5134122BBB424E00254A7D;
			remoteInfo = "ML Challenge";
		};
		FA51342F2BBB425000254A7D /* PBXContainerItemProxy */ = {
			isa = PBXContainerItemProxy;
			containerPortal = FA51340B2BBB424E00254A7D /* Project object */;
			proxyType = 1;
			remoteGlobalIDString = FA5134122BBB424E00254A7D;
			remoteInfo = "ML Challenge";
		};
/* End PBXContainerItemProxy section */

/* Begin PBXFileReference section */
		FA5134132BBB424E00254A7D /* ML Challenge.app */ = {isa = PBXFileReference; explicitFileType = wrapper.application; includeInIndex = 0; path = "ML Challenge.app"; sourceTree = BUILT_PRODUCTS_DIR; };
		FA5134162BBB424E00254A7D /* ML_ChallengeApp.swift */ = {isa = PBXFileReference; lastKnownFileType = sourcecode.swift; path = ML_ChallengeApp.swift; sourceTree = "<group>"; };
		FA5134182BBB424E00254A7D /* ContentView.swift */ = {isa = PBXFileReference; lastKnownFileType = sourcecode.swift; path = ContentView.swift; sourceTree = "<group>"; };
		FA51341A2BBB425000254A7D /* Assets.xcassets */ = {isa = PBXFileReference; lastKnownFileType = folder.assetcatalog; path = Assets.xcassets; sourceTree = "<group>"; };
		FA51341C2BBB425000254A7D /* ML_Challenge.entitlements */ = {isa = PBXFileReference; lastKnownFileType = text.plist.entitlements; path = ML_Challenge.entitlements; sourceTree = "<group>"; };
		FA51341E2BBB425000254A7D /* Preview Assets.xcassets */ = {isa = PBXFileReference; lastKnownFileType = folder.assetcatalog; path = "Preview Assets.xcassets"; sourceTree = "<group>"; };
		FA5134242BBB425000254A7D /* ML ChallengeTests.xctest */ = {isa = PBXFileReference; explicitFileType = wrapper.cfbundle; includeInIndex = 0; path = "ML ChallengeTests.xctest"; sourceTree = BUILT_PRODUCTS_DIR; };
		FA5134282BBB425000254A7D /* ML_ChallengeTests.swift */ = {isa = PBXFileReference; lastKnownFileType = sourcecode.swift; path = ML_ChallengeTests.swift; sourceTree = "<group>"; };
		FA51342E2BBB425000254A7D /* ML ChallengeUITests.xctest */ = {isa = PBXFileReference; explicitFileType = wrapper.cfbundle; includeInIndex = 0; path = "ML ChallengeUITests.xctest"; sourceTree = BUILT_PRODUCTS_DIR; };
		FA5134322BBB425000254A7D /* ML_ChallengeUITests.swift */ = {isa = PBXFileReference; lastKnownFileType = sourcecode.swift; path = ML_ChallengeUITests.swift; sourceTree = "<group>"; };
		FA5134342BBB425000254A7D /* ML_ChallengeUITestsLaunchTests.swift */ = {isa = PBXFileReference; lastKnownFileType = sourcecode.swift; path = ML_ChallengeUITestsLaunchTests.swift; sourceTree = "<group>"; };
		FA5134412BBB430B00254A7D /* NetworkManager.swift */ = {isa = PBXFileReference; lastKnownFileType = sourcecode.swift; path = NetworkManager.swift; sourceTree = "<group>"; };
		FA5134432BBB44A700254A7D /* ProductMLModel.swift */ = {isa = PBXFileReference; lastKnownFileType = sourcecode.swift; path = ProductMLModel.swift; sourceTree = "<group>"; };
		FA5134452BBB4A3500254A7D /* ProductMLViewModel.swift */ = {isa = PBXFileReference; lastKnownFileType = sourcecode.swift; path = ProductMLViewModel.swift; sourceTree = "<group>"; };
		FA5134472BBC72CD00254A7D /* ML-Challenge-Info.plist */ = {isa = PBXFileReference; lastKnownFileType = text.plist.xml; name = "ML-Challenge-Info.plist"; path = "ML Challenge/SupportingFiles/ML-Challenge-Info.plist"; sourceTree = SOURCE_ROOT; };
		FA5134482BBC7BDA00254A7D /* ProductCellView.swift */ = {isa = PBXFileReference; lastKnownFileType = sourcecode.swift; path = ProductCellView.swift; sourceTree = "<group>"; };
		FA51344C2BBC8F4C00254A7D /* ProductDetailView.swift */ = {isa = PBXFileReference; lastKnownFileType = sourcecode.swift; path = ProductDetailView.swift; sourceTree = "<group>"; };
		FA51344F2BBCB0B500254A7D /* MockData.swift */ = {isa = PBXFileReference; lastKnownFileType = sourcecode.swift; path = MockData.swift; sourceTree = "<group>"; };
/* End PBXFileReference section */

/* Begin PBXFrameworksBuildPhase section */
		FA5134102BBB424E00254A7D /* Frameworks */ = {
			isa = PBXFrameworksBuildPhase;
			buildActionMask = 2147483647;
			files = (
			);
			runOnlyForDeploymentPostprocessing = 0;
		};
		FA5134212BBB425000254A7D /* Frameworks */ = {
			isa = PBXFrameworksBuildPhase;
			buildActionMask = 2147483647;
			files = (
			);
			runOnlyForDeploymentPostprocessing = 0;
		};
		FA51342B2BBB425000254A7D /* Frameworks */ = {
			isa = PBXFrameworksBuildPhase;
			buildActionMask = 2147483647;
			files = (
			);
			runOnlyForDeploymentPostprocessing = 0;
		};
/* End PBXFrameworksBuildPhase section */

/* Begin PBXGroup section */
		FA51340A2BBB424E00254A7D = {
			isa = PBXGroup;
			children = (
				FA5134152BBB424E00254A7D /* ML Challenge */,
				FA5134272BBB425000254A7D /* ML ChallengeTests */,
				FA5134312BBB425000254A7D /* ML ChallengeUITests */,
				FA5134142BBB424E00254A7D /* Products */,
			);
			sourceTree = "<group>";
		};
		FA5134142BBB424E00254A7D /* Products */ = {
			isa = PBXGroup;
			children = (
				FA5134132BBB424E00254A7D /* ML Challenge.app */,
				FA5134242BBB425000254A7D /* ML ChallengeTests.xctest */,
				FA51342E2BBB425000254A7D /* ML ChallengeUITests.xctest */,
			);
			name = Products;
			sourceTree = "<group>";
		};
		FA5134152BBB424E00254A7D /* ML Challenge */ = {
			isa = PBXGroup;
			children = (
				FA5134542BBCB3F500254A7D /* Views */,
				FA5134532BBCB3E000254A7D /* Models */,
				FA5134552BBCB41300254A7D /* ViewModels */,
				FA5134562BBCB43B00254A7D /* Managers */,
				FA5134592BBCBF6300254A7D /* SupportingFiles */,
				FA5134582BBCBF4700254A7D /* Resources */,
				FA51341D2BBB425000254A7D /* Preview Content */,
			);
			path = "ML Challenge";
			sourceTree = "<group>";
		};
		FA51341D2BBB425000254A7D /* Preview Content */ = {
			isa = PBXGroup;
			children = (
				FA51341E2BBB425000254A7D /* Preview Assets.xcassets */,
			);
			path = "Preview Content";
			sourceTree = "<group>";
		};
		FA5134272BBB425000254A7D /* ML ChallengeTests */ = {
			isa = PBXGroup;
			children = (
				FA51344E2BBCB09D00254A7D /* MockData */,
				FA5134282BBB425000254A7D /* ML_ChallengeTests.swift */,
			);
			path = "ML ChallengeTests";
			sourceTree = "<group>";
		};
		FA5134312BBB425000254A7D /* ML ChallengeUITests */ = {
			isa = PBXGroup;
			children = (
				FA5134322BBB425000254A7D /* ML_ChallengeUITests.swift */,
				FA5134342BBB425000254A7D /* ML_ChallengeUITestsLaunchTests.swift */,
			);
			path = "ML ChallengeUITests";
			sourceTree = "<group>";
		};
		FA51344E2BBCB09D00254A7D /* MockData */ = {
			isa = PBXGroup;
			children = (
				FA51344F2BBCB0B500254A7D /* MockData.swift */,
			);
			path = MockData;
			sourceTree = "<group>";
		};
		FA5134532BBCB3E000254A7D /* Models */ = {
			isa = PBXGroup;
			children = (
				FA5134432BBB44A700254A7D /* ProductMLModel.swift */,
			);
			path = Models;
			sourceTree = "<group>";
		};
		FA5134542BBCB3F500254A7D /* Views */ = {
			isa = PBXGroup;
			children = (
				FA5134572BBCB45800254A7D /* Cells */,
				FA5134182BBB424E00254A7D /* ContentView.swift */,
			);
			path = Views;
			sourceTree = "<group>";
		};
		FA5134552BBCB41300254A7D /* ViewModels */ = {
			isa = PBXGroup;
			children = (
				FA5134452BBB4A3500254A7D /* ProductMLViewModel.swift */,
			);
			path = ViewModels;
			sourceTree = "<group>";
		};
		FA5134562BBCB43B00254A7D /* Managers */ = {
			isa = PBXGroup;
			children = (
				FA5134412BBB430B00254A7D /* NetworkManager.swift */,
			);
			path = Managers;
			sourceTree = "<group>";
		};
		FA5134572BBCB45800254A7D /* Cells */ = {
			isa = PBXGroup;
			children = (
				FA5134482BBC7BDA00254A7D /* ProductCellView.swift */,
				FA51344C2BBC8F4C00254A7D /* ProductDetailView.swift */,
			);
			path = Cells;
			sourceTree = "<group>";
		};
		FA5134582BBCBF4700254A7D /* Resources */ = {
			isa = PBXGroup;
			children = (
				FA51341A2BBB425000254A7D /* Assets.xcassets */,
			);
			path = Resources;
			sourceTree = "<group>";
		};
		FA5134592BBCBF6300254A7D /* SupportingFiles */ = {
			isa = PBXGroup;
			children = (
				FA51341C2BBB425000254A7D /* ML_Challenge.entitlements */,
				FA5134162BBB424E00254A7D /* ML_ChallengeApp.swift */,
				FA5134472BBC72CD00254A7D /* ML-Challenge-Info.plist */,
			);
			path = SupportingFiles;
			sourceTree = "<group>";
		};
/* End PBXGroup section */

/* Begin PBXNativeTarget section */
		FA5134122BBB424E00254A7D /* ML Challenge */ = {
			isa = PBXNativeTarget;
			buildConfigurationList = FA5134382BBB425000254A7D /* Build configuration list for PBXNativeTarget "ML Challenge" */;
			buildPhases = (
				FA51340F2BBB424E00254A7D /* Sources */,
				FA5134102BBB424E00254A7D /* Frameworks */,
				FA5134112BBB424E00254A7D /* Resources */,
			);
			buildRules = (
			);
			dependencies = (
			);
			name = "ML Challenge";
			productName = "ML Challenge";
			productReference = FA5134132BBB424E00254A7D /* ML Challenge.app */;
			productType = "com.apple.product-type.application";
		};
		FA5134232BBB425000254A7D /* ML ChallengeTests */ = {
			isa = PBXNativeTarget;
			buildConfigurationList = FA51343B2BBB425000254A7D /* Build configuration list for PBXNativeTarget "ML ChallengeTests" */;
			buildPhases = (
				FA5134202BBB425000254A7D /* Sources */,
				FA5134212BBB425000254A7D /* Frameworks */,
				FA5134222BBB425000254A7D /* Resources */,
			);
			buildRules = (
			);
			dependencies = (
				FA5134262BBB425000254A7D /* PBXTargetDependency */,
			);
			name = "ML ChallengeTests";
			productName = "ML ChallengeTests";
			productReference = FA5134242BBB425000254A7D /* ML ChallengeTests.xctest */;
			productType = "com.apple.product-type.bundle.unit-test";
		};
		FA51342D2BBB425000254A7D /* ML ChallengeUITests */ = {
			isa = PBXNativeTarget;
			buildConfigurationList = FA51343E2BBB425000254A7D /* Build configuration list for PBXNativeTarget "ML ChallengeUITests" */;
			buildPhases = (
				FA51342A2BBB425000254A7D /* Sources */,
				FA51342B2BBB425000254A7D /* Frameworks */,
				FA51342C2BBB425000254A7D /* Resources */,
			);
			buildRules = (
			);
			dependencies = (
				FA5134302BBB425000254A7D /* PBXTargetDependency */,
			);
			name = "ML ChallengeUITests";
			productName = "ML ChallengeUITests";
			productReference = FA51342E2BBB425000254A7D /* ML ChallengeUITests.xctest */;
			productType = "com.apple.product-type.bundle.ui-testing";
		};
/* End PBXNativeTarget section */

/* Begin PBXProject section */
		FA51340B2BBB424E00254A7D /* Project object */ = {
			isa = PBXProject;
			attributes = {
				BuildIndependentTargetsInParallel = 1;
				LastSwiftUpdateCheck = 1530;
				LastUpgradeCheck = 1530;
				TargetAttributes = {
					FA5134122BBB424E00254A7D = {
						CreatedOnToolsVersion = 15.3;
					};
					FA5134232BBB425000254A7D = {
						CreatedOnToolsVersion = 15.3;
						TestTargetID = FA5134122BBB424E00254A7D;
					};
					FA51342D2BBB425000254A7D = {
						CreatedOnToolsVersion = 15.3;
						TestTargetID = FA5134122BBB424E00254A7D;
					};
				};
			};
			buildConfigurationList = FA51340E2BBB424E00254A7D /* Build configuration list for PBXProject "ML Challenge" */;
			compatibilityVersion = "Xcode 14.0";
			developmentRegion = en;
			hasScannedForEncodings = 0;
			knownRegions = (
				en,
				Base,
			);
			mainGroup = FA51340A2BBB424E00254A7D;
			productRefGroup = FA5134142BBB424E00254A7D /* Products */;
			projectDirPath = "";
			projectRoot = "";
			targets = (
				FA5134122BBB424E00254A7D /* ML Challenge */,
				FA5134232BBB425000254A7D /* ML ChallengeTests */,
				FA51342D2BBB425000254A7D /* ML ChallengeUITests */,
			);
		};
/* End PBXProject section */

/* Begin PBXResourcesBuildPhase section */
		FA5134112BBB424E00254A7D /* Resources */ = {
			isa = PBXResourcesBuildPhase;
			buildActionMask = 2147483647;
			files = (
				FA51341F2BBB425000254A7D /* Preview Assets.xcassets in Resources */,
				FA51341B2BBB425000254A7D /* Assets.xcassets in Resources */,
			);
			runOnlyForDeploymentPostprocessing = 0;
		};
		FA5134222BBB425000254A7D /* Resources */ = {
			isa = PBXResourcesBuildPhase;
			buildActionMask = 2147483647;
			files = (
			);
			runOnlyForDeploymentPostprocessing = 0;
		};
		FA51342C2BBB425000254A7D /* Resources */ = {
			isa = PBXResourcesBuildPhase;
			buildActionMask = 2147483647;
			files = (
			);
			runOnlyForDeploymentPostprocessing = 0;
		};
/* End PBXResourcesBuildPhase section */

/* Begin PBXSourcesBuildPhase section */
		FA51340F2BBB424E00254A7D /* Sources */ = {
			isa = PBXSourcesBuildPhase;
			buildActionMask = 2147483647;
			files = (
				FA5134422BBB430B00254A7D /* NetworkManager.swift in Sources */,
				FA5134192BBB424E00254A7D /* ContentView.swift in Sources */,
				FA5134442BBB44A700254A7D /* ProductMLModel.swift in Sources */,
				FA5134172BBB424E00254A7D /* ML_ChallengeApp.swift in Sources */,
				FA5134492BBC7BDA00254A7D /* ProductCellView.swift in Sources */,
				FA51344D2BBC8F4C00254A7D /* ProductDetailView.swift in Sources */,
				FA5134462BBB4A3500254A7D /* ProductMLViewModel.swift in Sources */,
			);
			runOnlyForDeploymentPostprocessing = 0;
		};
		FA5134202BBB425000254A7D /* Sources */ = {
			isa = PBXSourcesBuildPhase;
			buildActionMask = 2147483647;
			files = (
				FA5134292BBB425000254A7D /* ML_ChallengeTests.swift in Sources */,
				FA5134502BBCB0B500254A7D /* MockData.swift in Sources */,
			);
			runOnlyForDeploymentPostprocessing = 0;
		};
		FA51342A2BBB425000254A7D /* Sources */ = {
			isa = PBXSourcesBuildPhase;
			buildActionMask = 2147483647;
			files = (
				FA5134332BBB425000254A7D /* ML_ChallengeUITests.swift in Sources */,
				FA5134352BBB425000254A7D /* ML_ChallengeUITestsLaunchTests.swift in Sources */,
			);
			runOnlyForDeploymentPostprocessing = 0;
		};
/* End PBXSourcesBuildPhase section */

/* Begin PBXTargetDependency section */
		FA5134262BBB425000254A7D /* PBXTargetDependency */ = {
			isa = PBXTargetDependency;
			target = FA5134122BBB424E00254A7D /* ML Challenge */;
			targetProxy = FA5134252BBB425000254A7D /* PBXContainerItemProxy */;
		};
		FA5134302BBB425000254A7D /* PBXTargetDependency */ = {
			isa = PBXTargetDependency;
			target = FA5134122BBB424E00254A7D /* ML Challenge */;
			targetProxy = FA51342F2BBB425000254A7D /* PBXContainerItemProxy */;
		};
/* End PBXTargetDependency section */

/* Begin XCBuildConfiguration section */
		FA5134362BBB425000254A7D /* Debug */ = {
			isa = XCBuildConfiguration;
			buildSettings = {
				ALWAYS_SEARCH_USER_PATHS = NO;
				ASSETCATALOG_COMPILER_GENERATE_SWIFT_ASSET_SYMBOL_EXTENSIONS = YES;
				CLANG_ANALYZER_NONNULL = YES;
				CLANG_ANALYZER_NUMBER_OBJECT_CONVERSION = YES_AGGRESSIVE;
				CLANG_CXX_LANGUAGE_STANDARD = "gnu++20";
				CLANG_ENABLE_MODULES = YES;
				CLANG_ENABLE_OBJC_ARC = YES;
				CLANG_ENABLE_OBJC_WEAK = YES;
				CLANG_WARN_BLOCK_CAPTURE_AUTORELEASING = YES;
				CLANG_WARN_BOOL_CONVERSION = YES;
				CLANG_WARN_COMMA = YES;
				CLANG_WARN_CONSTANT_CONVERSION = YES;
				CLANG_WARN_DEPRECATED_OBJC_IMPLEMENTATIONS = YES;
				CLANG_WARN_DIRECT_OBJC_ISA_USAGE = YES_ERROR;
				CLANG_WARN_DOCUMENTATION_COMMENTS = YES;
				CLANG_WARN_EMPTY_BODY = YES;
				CLANG_WARN_ENUM_CONVERSION = YES;
				CLANG_WARN_INFINITE_RECURSION = YES;
				CLANG_WARN_INT_CONVERSION = YES;
				CLANG_WARN_NON_LITERAL_NULL_CONVERSION = YES;
				CLANG_WARN_OBJC_IMPLICIT_RETAIN_SELF = YES;
				CLANG_WARN_OBJC_LITERAL_CONVERSION = YES;
				CLANG_WARN_OBJC_ROOT_CLASS = YES_ERROR;
				CLANG_WARN_QUOTED_INCLUDE_IN_FRAMEWORK_HEADER = YES;
				CLANG_WARN_RANGE_LOOP_ANALYSIS = YES;
				CLANG_WARN_STRICT_PROTOTYPES = YES;
				CLANG_WARN_SUSPICIOUS_MOVE = YES;
				CLANG_WARN_UNGUARDED_AVAILABILITY = YES_AGGRESSIVE;
				CLANG_WARN_UNREACHABLE_CODE = YES;
				CLANG_WARN__DUPLICATE_METHOD_MATCH = YES;
				COPY_PHASE_STRIP = NO;
				DEBUG_INFORMATION_FORMAT = dwarf;
				ENABLE_STRICT_OBJC_MSGSEND = YES;
				ENABLE_TESTABILITY = YES;
				ENABLE_USER_SCRIPT_SANDBOXING = YES;
				GCC_C_LANGUAGE_STANDARD = gnu17;
				GCC_DYNAMIC_NO_PIC = NO;
				GCC_NO_COMMON_BLOCKS = YES;
				GCC_OPTIMIZATION_LEVEL = 0;
				GCC_PREPROCESSOR_DEFINITIONS = (
					"DEBUG=1",
					"$(inherited)",
				);
				GCC_WARN_64_TO_32_BIT_CONVERSION = YES;
				GCC_WARN_ABOUT_RETURN_TYPE = YES_ERROR;
				GCC_WARN_UNDECLARED_SELECTOR = YES;
				GCC_WARN_UNINITIALIZED_AUTOS = YES_AGGRESSIVE;
				GCC_WARN_UNUSED_FUNCTION = YES;
				GCC_WARN_UNUSED_VARIABLE = YES;
				LOCALIZATION_PREFERS_STRING_CATALOGS = YES;
				MTL_ENABLE_DEBUG_INFO = INCLUDE_SOURCE;
				MTL_FAST_MATH = YES;
				ONLY_ACTIVE_ARCH = YES;
				SWIFT_ACTIVE_COMPILATION_CONDITIONS = "DEBUG $(inherited)";
				SWIFT_OPTIMIZATION_LEVEL = "-Onone";
			};
			name = Debug;
		};
		FA5134372BBB425000254A7D /* Release */ = {
			isa = XCBuildConfiguration;
			buildSettings = {
				ALWAYS_SEARCH_USER_PATHS = NO;
				ASSETCATALOG_COMPILER_GENERATE_SWIFT_ASSET_SYMBOL_EXTENSIONS = YES;
				CLANG_ANALYZER_NONNULL = YES;
				CLANG_ANALYZER_NUMBER_OBJECT_CONVERSION = YES_AGGRESSIVE;
				CLANG_CXX_LANGUAGE_STANDARD = "gnu++20";
				CLANG_ENABLE_MODULES = YES;
				CLANG_ENABLE_OBJC_ARC = YES;
				CLANG_ENABLE_OBJC_WEAK = YES;
				CLANG_WARN_BLOCK_CAPTURE_AUTORELEASING = YES;
				CLANG_WARN_BOOL_CONVERSION = YES;
				CLANG_WARN_COMMA = YES;
				CLANG_WARN_CONSTANT_CONVERSION = YES;
				CLANG_WARN_DEPRECATED_OBJC_IMPLEMENTATIONS = YES;
				CLANG_WARN_DIRECT_OBJC_ISA_USAGE = YES_ERROR;
				CLANG_WARN_DOCUMENTATION_COMMENTS = YES;
				CLANG_WARN_EMPTY_BODY = YES;
				CLANG_WARN_ENUM_CONVERSION = YES;
				CLANG_WARN_INFINITE_RECURSION = YES;
				CLANG_WARN_INT_CONVERSION = YES;
				CLANG_WARN_NON_LITERAL_NULL_CONVERSION = YES;
				CLANG_WARN_OBJC_IMPLICIT_RETAIN_SELF = YES;
				CLANG_WARN_OBJC_LITERAL_CONVERSION = YES;
				CLANG_WARN_OBJC_ROOT_CLASS = YES_ERROR;
				CLANG_WARN_QUOTED_INCLUDE_IN_FRAMEWORK_HEADER = YES;
				CLANG_WARN_RANGE_LOOP_ANALYSIS = YES;
				CLANG_WARN_STRICT_PROTOTYPES = YES;
				CLANG_WARN_SUSPICIOUS_MOVE = YES;
				CLANG_WARN_UNGUARDED_AVAILABILITY = YES_AGGRESSIVE;
				CLANG_WARN_UNREACHABLE_CODE = YES;
				CLANG_WARN__DUPLICATE_METHOD_MATCH = YES;
				COPY_PHASE_STRIP = NO;
				DEBUG_INFORMATION_FORMAT = "dwarf-with-dsym";
				ENABLE_NS_ASSERTIONS = NO;
				ENABLE_STRICT_OBJC_MSGSEND = YES;
				ENABLE_USER_SCRIPT_SANDBOXING = YES;
				GCC_C_LANGUAGE_STANDARD = gnu17;
				GCC_NO_COMMON_BLOCKS = YES;
				GCC_WARN_64_TO_32_BIT_CONVERSION = YES;
				GCC_WARN_ABOUT_RETURN_TYPE = YES_ERROR;
				GCC_WARN_UNDECLARED_SELECTOR = YES;
				GCC_WARN_UNINITIALIZED_AUTOS = YES_AGGRESSIVE;
				GCC_WARN_UNUSED_FUNCTION = YES;
				GCC_WARN_UNUSED_VARIABLE = YES;
				LOCALIZATION_PREFERS_STRING_CATALOGS = YES;
				MTL_ENABLE_DEBUG_INFO = NO;
				MTL_FAST_MATH = YES;
				SWIFT_COMPILATION_MODE = wholemodule;
			};
			name = Release;
		};
		FA5134392BBB425000254A7D /* Debug */ = {
			isa = XCBuildConfiguration;
			buildSettings = {
				ASSETCATALOG_COMPILER_APPICON_NAME = AppIcon;
				ASSETCATALOG_COMPILER_GLOBAL_ACCENT_COLOR_NAME = AccentColor;
				CODE_SIGN_ENTITLEMENTS = "ML Challenge/ML_Challenge.entitlements";
				CODE_SIGN_STYLE = Automatic;
				CURRENT_PROJECT_VERSION = 1;
				DEVELOPMENT_ASSET_PATHS = "\"ML Challenge/Preview Content\"";
				DEVELOPMENT_TEAM = 6J6Q6D8YX3;
				ENABLE_HARDENED_RUNTIME = YES;
				ENABLE_PREVIEWS = YES;
				GENERATE_INFOPLIST_FILE = YES;
				INFOPLIST_FILE = "ML-Challenge-Info.plist";
				"INFOPLIST_KEY_UIApplicationSceneManifest_Generation[sdk=iphoneos*]" = YES;
				"INFOPLIST_KEY_UIApplicationSceneManifest_Generation[sdk=iphonesimulator*]" = YES;
				"INFOPLIST_KEY_UIApplicationSupportsIndirectInputEvents[sdk=iphoneos*]" = YES;
				"INFOPLIST_KEY_UIApplicationSupportsIndirectInputEvents[sdk=iphonesimulator*]" = YES;
				"INFOPLIST_KEY_UILaunchScreen_Generation[sdk=iphoneos*]" = YES;
				"INFOPLIST_KEY_UILaunchScreen_Generation[sdk=iphonesimulator*]" = YES;
				"INFOPLIST_KEY_UIStatusBarStyle[sdk=iphoneos*]" = UIStatusBarStyleDefault;
				"INFOPLIST_KEY_UIStatusBarStyle[sdk=iphonesimulator*]" = UIStatusBarStyleDefault;
				INFOPLIST_KEY_UISupportedInterfaceOrientations_iPad = "UIInterfaceOrientationPortrait UIInterfaceOrientationPortraitUpsideDown UIInterfaceOrientationLandscapeLeft UIInterfaceOrientationLandscapeRight";
				INFOPLIST_KEY_UISupportedInterfaceOrientations_iPhone = "UIInterfaceOrientationPortrait UIInterfaceOrientationLandscapeLeft UIInterfaceOrientationLandscapeRight";
				IPHONEOS_DEPLOYMENT_TARGET = 17.4;
				LD_RUNPATH_SEARCH_PATHS = "@executable_path/Frameworks";
				"LD_RUNPATH_SEARCH_PATHS[sdk=macosx*]" = "@executable_path/../Frameworks";
				MACOSX_DEPLOYMENT_TARGET = 14.4;
				MARKETING_VERSION = 1.0;
				PRODUCT_BUNDLE_IDENTIFIER = "Personal.ML-Challenge";
				PRODUCT_NAME = "$(TARGET_NAME)";
				SDKROOT = auto;
				SUPPORTED_PLATFORMS = "iphoneos iphonesimulator macosx";
				SWIFT_EMIT_LOC_STRINGS = YES;
				SWIFT_VERSION = 5.0;
				TARGETED_DEVICE_FAMILY = "1,2";
			};
			name = Debug;
		};
		FA51343A2BBB425000254A7D /* Release */ = {
			isa = XCBuildConfiguration;
			buildSettings = {
				ASSETCATALOG_COMPILER_APPICON_NAME = AppIcon;
				ASSETCATALOG_COMPILER_GLOBAL_ACCENT_COLOR_NAME = AccentColor;
				CODE_SIGN_ENTITLEMENTS = "ML Challenge/ML_Challenge.entitlements";
				CODE_SIGN_STYLE = Automatic;
				CURRENT_PROJECT_VERSION = 1;
				DEVELOPMENT_ASSET_PATHS = "\"ML Challenge/Preview Content\"";
				DEVELOPMENT_TEAM = 6J6Q6D8YX3;
				ENABLE_HARDENED_RUNTIME = YES;
				ENABLE_PREVIEWS = YES;
				GENERATE_INFOPLIST_FILE = YES;
				INFOPLIST_FILE = "ML-Challenge-Info.plist";
				"INFOPLIST_KEY_UIApplicationSceneManifest_Generation[sdk=iphoneos*]" = YES;
				"INFOPLIST_KEY_UIApplicationSceneManifest_Generation[sdk=iphonesimulator*]" = YES;
				"INFOPLIST_KEY_UIApplicationSupportsIndirectInputEvents[sdk=iphoneos*]" = YES;
				"INFOPLIST_KEY_UIApplicationSupportsIndirectInputEvents[sdk=iphonesimulator*]" = YES;
				"INFOPLIST_KEY_UILaunchScreen_Generation[sdk=iphoneos*]" = YES;
				"INFOPLIST_KEY_UILaunchScreen_Generation[sdk=iphonesimulator*]" = YES;
				"INFOPLIST_KEY_UIStatusBarStyle[sdk=iphoneos*]" = UIStatusBarStyleDefault;
				"INFOPLIST_KEY_UIStatusBarStyle[sdk=iphonesimulator*]" = UIStatusBarStyleDefault;
				INFOPLIST_KEY_UISupportedInterfaceOrientations_iPad = "UIInterfaceOrientationPortrait UIInterfaceOrientationPortraitUpsideDown UIInterfaceOrientationLandscapeLeft UIInterfaceOrientationLandscapeRight";
				INFOPLIST_KEY_UISupportedInterfaceOrientations_iPhone = "UIInterfaceOrientationPortrait UIInterfaceOrientationLandscapeLeft UIInterfaceOrientationLandscapeRight";
				IPHONEOS_DEPLOYMENT_TARGET = 17.4;
				LD_RUNPATH_SEARCH_PATHS = "@executable_path/Frameworks";
				"LD_RUNPATH_SEARCH_PATHS[sdk=macosx*]" = "@executable_path/../Frameworks";
				MACOSX_DEPLOYMENT_TARGET = 14.4;
				MARKETING_VERSION = 1.0;
				PRODUCT_BUNDLE_IDENTIFIER = "Personal.ML-Challenge";
				PRODUCT_NAME = "$(TARGET_NAME)";
				SDKROOT = auto;
				SUPPORTED_PLATFORMS = "iphoneos iphonesimulator macosx";
				SWIFT_EMIT_LOC_STRINGS = YES;
				SWIFT_VERSION = 5.0;
				TARGETED_DEVICE_FAMILY = "1,2";
			};
			name = Release;
		};
		FA51343C2BBB425000254A7D /* Debug */ = {
			isa = XCBuildConfiguration;
			buildSettings = {
				ALWAYS_EMBED_SWIFT_STANDARD_LIBRARIES = YES;
				BUNDLE_LOADER = "$(TEST_HOST)";
				CODE_SIGN_STYLE = Automatic;
				CURRENT_PROJECT_VERSION = 1;
				DEVELOPMENT_TEAM = 6J6Q6D8YX3;
				GENERATE_INFOPLIST_FILE = YES;
				IPHONEOS_DEPLOYMENT_TARGET = 17.4;
				MACOSX_DEPLOYMENT_TARGET = 14.4;
				MARKETING_VERSION = 1.0;
				PRODUCT_BUNDLE_IDENTIFIER = "Personal.ML-ChallengeTests";
				PRODUCT_NAME = "$(TARGET_NAME)";
				SDKROOT = auto;
				SUPPORTED_PLATFORMS = "iphoneos iphonesimulator macosx";
				SWIFT_EMIT_LOC_STRINGS = NO;
				SWIFT_VERSION = 5.0;
				TARGETED_DEVICE_FAMILY = "1,2";
				TEST_HOST = "$(BUILT_PRODUCTS_DIR)/ML Challenge.app/$(BUNDLE_EXECUTABLE_FOLDER_PATH)/ML Challenge";
			};
			name = Debug;
		};
		FA51343D2BBB425000254A7D /* Release */ = {
			isa = XCBuildConfiguration;
			buildSettings = {
				ALWAYS_EMBED_SWIFT_STANDARD_LIBRARIES = YES;
				BUNDLE_LOADER = "$(TEST_HOST)";
				CODE_SIGN_STYLE = Automatic;
				CURRENT_PROJECT_VERSION = 1;
				DEVELOPMENT_TEAM = 6J6Q6D8YX3;
				GENERATE_INFOPLIST_FILE = YES;
				IPHONEOS_DEPLOYMENT_TARGET = 17.4;
				MACOSX_DEPLOYMENT_TARGET = 14.4;
				MARKETING_VERSION = 1.0;
				PRODUCT_BUNDLE_IDENTIFIER = "Personal.ML-ChallengeTests";
				PRODUCT_NAME = "$(TARGET_NAME)";
				SDKROOT = auto;
				SUPPORTED_PLATFORMS = "iphoneos iphonesimulator macosx";
				SWIFT_EMIT_LOC_STRINGS = NO;
				SWIFT_VERSION = 5.0;
				TARGETED_DEVICE_FAMILY = "1,2";
				TEST_HOST = "$(BUILT_PRODUCTS_DIR)/ML Challenge.app/$(BUNDLE_EXECUTABLE_FOLDER_PATH)/ML Challenge";
			};
			name = Release;
		};
		FA51343F2BBB425000254A7D /* Debug */ = {
			isa = XCBuildConfiguration;
			buildSettings = {
				ALWAYS_EMBED_SWIFT_STANDARD_LIBRARIES = YES;
				CODE_SIGN_STYLE = Automatic;
				CURRENT_PROJECT_VERSION = 1;
				DEVELOPMENT_TEAM = 6J6Q6D8YX3;
				GENERATE_INFOPLIST_FILE = YES;
				IPHONEOS_DEPLOYMENT_TARGET = 17.4;
				MACOSX_DEPLOYMENT_TARGET = 14.4;
				MARKETING_VERSION = 1.0;
				PRODUCT_BUNDLE_IDENTIFIER = "Personal.ML-ChallengeUITests";
				PRODUCT_NAME = "$(TARGET_NAME)";
				SDKROOT = auto;
				SUPPORTED_PLATFORMS = "iphoneos iphonesimulator macosx";
				SWIFT_EMIT_LOC_STRINGS = NO;
				SWIFT_VERSION = 5.0;
				TARGETED_DEVICE_FAMILY = "1,2";
				TEST_TARGET_NAME = "ML Challenge";
			};
			name = Debug;
		};
		FA5134402BBB425000254A7D /* Release */ = {
			isa = XCBuildConfiguration;
			buildSettings = {
				ALWAYS_EMBED_SWIFT_STANDARD_LIBRARIES = YES;
				CODE_SIGN_STYLE = Automatic;
				CURRENT_PROJECT_VERSION = 1;
				DEVELOPMENT_TEAM = 6J6Q6D8YX3;
				GENERATE_INFOPLIST_FILE = YES;
				IPHONEOS_DEPLOYMENT_TARGET = 17.4;
				MACOSX_DEPLOYMENT_TARGET = 14.4;
				MARKETING_VERSION = 1.0;
				PRODUCT_BUNDLE_IDENTIFIER = "Personal.ML-ChallengeUITests";
				PRODUCT_NAME = "$(TARGET_NAME)";
				SDKROOT = auto;
				SUPPORTED_PLATFORMS = "iphoneos iphonesimulator macosx";
				SWIFT_EMIT_LOC_STRINGS = NO;
				SWIFT_VERSION = 5.0;
				TARGETED_DEVICE_FAMILY = "1,2";
				TEST_TARGET_NAME = "ML Challenge";
			};
			name = Release;
		};
/* End XCBuildConfiguration section */

/* Begin XCConfigurationList section */
		FA51340E2BBB424E00254A7D /* Build configuration list for PBXProject "ML Challenge" */ = {
			isa = XCConfigurationList;
			buildConfigurations = (
				FA5134362BBB425000254A7D /* Debug */,
				FA5134372BBB425000254A7D /* Release */,
			);
			defaultConfigurationIsVisible = 0;
			defaultConfigurationName = Release;
		};
		FA5134382BBB425000254A7D /* Build configuration list for PBXNativeTarget "ML Challenge" */ = {
			isa = XCConfigurationList;
			buildConfigurations = (
				FA5134392BBB425000254A7D /* Debug */,
				FA51343A2BBB425000254A7D /* Release */,
			);
			defaultConfigurationIsVisible = 0;
			defaultConfigurationName = Release;
		};
		FA51343B2BBB425000254A7D /* Build configuration list for PBXNativeTarget "ML ChallengeTests" */ = {
			isa = XCConfigurationList;
			buildConfigurations = (
				FA51343C2BBB425000254A7D /* Debug */,
				FA51343D2BBB425000254A7D /* Release */,
			);
			defaultConfigurationIsVisible = 0;
			defaultConfigurationName = Release;
		};
		FA51343E2BBB425000254A7D /* Build configuration list for PBXNativeTarget "ML ChallengeUITests" */ = {
			isa = XCConfigurationList;
			buildConfigurations = (
				FA51343F2BBB425000254A7D /* Debug */,
				FA5134402BBB425000254A7D /* Release */,
			);
			defaultConfigurationIsVisible = 0;
			defaultConfigurationName = Release;
		};
/* End XCConfigurationList section */
	};
	rootObject = FA51340B2BBB424E00254A7D /* Project object */;
}
